<?xml version="1.0" encoding="utf-8"?>
<Project ToolsVersion="4.0" xmlns="http://schemas.microsoft.com/developer/msbuild/2003">
  <ItemGroup>
    <Filter Include="common">
      <UniqueIdentifier>{ecee0a10-fa46-4a2f-9e1c-873a17bbd155}</UniqueIdentifier>
    </Filter>
    <Filter Include="core">
      <UniqueIdentifier>{311004c9-a58f-4e87-877b-7b75bf3d2539}</UniqueIdentifier>
    </Filter>
    <Filter Include="main">
      <UniqueIdentifier>{37c908f1-b503-4c4c-86bc-ec1f41e29e1a}</UniqueIdentifier>
    </Filter>
  </ItemGroup>
  <ItemGroup>
    <ClCompile Include="src\main\main.cpp">
      <Filter>main</Filter>
    </ClCompile>
    <ClCompile Include="src\core\cpu.cpp">
      <Filter>core</Filter>
    </ClCompile>
  </ItemGroup>
  <ItemGroup>
    <ClInclude Include="src\main\main.h">
      <Filter>main</Filter>
    </ClInclude>
    <ClInclude Include="src\core\commands.h">
      <Filter>core</Filter>
    </ClInclude>
    <ClInclude Include="src\core\cpu.h">
      <Filter>core</Filter>
    </ClInclude>
    <ClInclude Include="src\common\bit_field.h">
      <Filter>common</Filter>
    </ClInclude>
    <ClInclude Include="src\common\common_funcs.h">
      <Filter>common</Filter>
    </ClInclude>
    <ClInclude Include="src\common\common_types.h">
      <Filter>common</Filter>
    </ClInclude>
    <ClInclude Include="src\common\swap.h">
      <Filter>common</Filter>
    </ClInclude>
  </ItemGroup>
</Project>